
Microsoft Visual Studio Solution File, Format Version 12.00
# Visual Studio 14
VisualStudioVersion = 14.0.25420.1
MinimumVisualStudioVersion = 10.0.40219.1
Project("{FAE04EC0-301F-11D3-BF4B-00C04F79EFBC}") = "MatrixTransform", "MatrixTransform\MatrixTransform.csproj", "{E79B194C-2460-49B4-A70C-D6F5BCE9D6FF}"
EndProject
Global
	GlobalSection(SolutionConfigurationPlatforms) = preSolution
		Debug|Any CPU = Debug|Any CPU
		Release|Any CPU = Release|Any CPU
	EndGlobalSection
	GlobalSection(ProjectConfigurationPlatforms) = postSolution
		{E79B194C-2460-49B4-A70C-D6F5BCE9D6FF}.Debug|Any CPU.ActiveCfg = Debug|Any CPU
		{E79B194C-2460-49B4-A70C-D6F5BCE9D6FF}.Debug|Any CPU.Build.0 = Debug|Any CPU
		{E79B194C-2460-49B4-A70C-D6F5BCE9D6FF}.Release|Any CPU.ActiveCfg = Release|Any CPU
		{E79B194C-2460-49B4-A70C-D6F5BCE9D6FF}.Release|Any CPU.Build.0 = Release|Any CPU
	EndGlobalSection
	GlobalSection(SolutionProperties) = preSolution
		HideSolutionNode = FALSE
	EndGlobalSection
EndGlobal
